// !$*UTF8*$!
{
	archiveVersion = 1;
	classes = {
	};
	objectVersion = 56;
	objects = {

/* Begin PBXBuildFile section */
		D908A4912AFDAE42002BFDDE /* ResumeApp.swift in Sources */ = {isa = PBXBuildFile; fileRef = D908A4902AFDAE42002BFDDE /* ResumeApp.swift */; };
		D908A4932AFDAE42002BFDDE /* ContentView.swift in Sources */ = {isa = PBXBuildFile; fileRef = D908A4922AFDAE42002BFDDE /* ContentView.swift */; };
		D908A4952AFDAE44002BFDDE /* Assets.xcassets in Resources */ = {isa = PBXBuildFile; fileRef = D908A4942AFDAE44002BFDDE /* Assets.xcassets */; };
		D908A4982AFDAE44002BFDDE /* Preview Assets.xcassets in Resources */ = {isa = PBXBuildFile; fileRef = D908A4972AFDAE44002BFDDE /* Preview Assets.xcassets */; };
		D908A4A22AFDAE44002BFDDE /* ResumeTests.swift in Sources */ = {isa = PBXBuildFile; fileRef = D908A4A12AFDAE44002BFDDE /* ResumeTests.swift */; };
		D908A4AC2AFDAE44002BFDDE /* ResumeUITests.swift in Sources */ = {isa = PBXBuildFile; fileRef = D908A4AB2AFDAE44002BFDDE /* ResumeUITests.swift */; };
		D908A4AE2AFDAE44002BFDDE /* ResumeUITestsLaunchTests.swift in Sources */ = {isa = PBXBuildFile; fileRef = D908A4AD2AFDAE44002BFDDE /* ResumeUITestsLaunchTests.swift */; };
/* End PBXBuildFile section */

/* Begin PBXContainerItemProxy section */
		D908A49E2AFDAE44002BFDDE /* PBXContainerItemProxy */ = {
			isa = PBXContainerItemProxy;
			containerPortal = D908A4852AFDAE42002BFDDE /* Project object */;
			proxyType = 1;
			remoteGlobalIDString = D908A48C2AFDAE42002BFDDE;
			remoteInfo = Resume;
		};
		D908A4A82AFDAE44002BFDDE /* PBXContainerItemProxy */ = {
			isa = PBXContainerItemProxy;
			containerPortal = D908A4852AFDAE42002BFDDE /* Project object */;
			proxyType = 1;
			remoteGlobalIDString = D908A48C2AFDAE42002BFDDE;
			remoteInfo = Resume;
		};
/* End PBXContainerItemProxy section */

/* Begin PBXFileReference section */
		D908A48D2AFDAE42002BFDDE /* Resume.app */ = {isa = PBXFileReference; explicitFileType = wrapper.application; includeInIndex = 0; path = Resume.app; sourceTree = BUILT_PRODUCTS_DIR; };
		D908A4902AFDAE42002BFDDE /* ResumeApp.swift */ = {isa = PBXFileReference; lastKnownFileType = sourcecode.swift; path = ResumeApp.swift; sourceTree = "<group>"; };
		D908A4922AFDAE42002BFDDE /* ContentView.swift */ = {isa = PBXFileReference; lastKnownFileType = sourcecode.swift; path = ContentView.swift; sourceTree = "<group>"; };
		D908A4942AFDAE44002BFDDE /* Assets.xcassets */ = {isa = PBXFileReference; lastKnownFileType = folder.assetcatalog; path = Assets.xcassets; sourceTree = "<group>"; };
		D908A4972AFDAE44002BFDDE /* Preview Assets.xcassets */ = {isa = PBXFileReference; lastKnownFileType = folder.assetcatalog; path = "Preview Assets.xcassets"; sourceTree = "<group>"; };
		D908A49D2AFDAE44002BFDDE /* ResumeTests.xctest */ = {isa = PBXFileReference; explicitFileType = wrapper.cfbundle; includeInIndex = 0; path = ResumeTests.xctest; sourceTree = BUILT_PRODUCTS_DIR; };
		D908A4A12AFDAE44002BFDDE /* ResumeTests.swift */ = {isa = PBXFileReference; lastKnownFileType = sourcecode.swift; path = ResumeTests.swift; sourceTree = "<group>"; };
		D908A4A72AFDAE44002BFDDE /* ResumeUITests.xctest */ = {isa = PBXFileReference; explicitFileType = wrapper.cfbundle; includeInIndex = 0; path = ResumeUITests.xctest; sourceTree = BUILT_PRODUCTS_DIR; };
		D908A4AB2AFDAE44002BFDDE /* ResumeUITests.swift */ = {isa = PBXFileReference; lastKnownFileType = sourcecode.swift; path = ResumeUITests.swift; sourceTree = "<group>"; };
		D908A4AD2AFDAE44002BFDDE /* ResumeUITestsLaunchTests.swift */ = {isa = PBXFileReference; lastKnownFileType = sourcecode.swift; path = ResumeUITestsLaunchTests.swift; sourceTree = "<group>"; };
/* End PBXFileReference section */

/* Begin PBXFrameworksBuildPhase section */
		D908A48A2AFDAE42002BFDDE /* Frameworks */ = {
			isa = PBXFrameworksBuildPhase;
			buildActionMask = 2147483647;
			files = (
			);
			runOnlyForDeploymentPostprocessing = 0;
		};
		D908A49A2AFDAE44002BFDDE /* Frameworks */ = {
			isa = PBXFrameworksBuildPhase;
			buildActionMask = 2147483647;
			files = (
			);
			runOnlyForDeploymentPostprocessing = 0;
		};
		D908A4A42AFDAE44002BFDDE /* Frameworks */ = {
			isa = PBXFrameworksBuildPhase;
			buildActionMask = 2147483647;
			files = (
			);
			runOnlyForDeploymentPostprocessing = 0;
		};
/* End PBXFrameworksBuildPhase section */

/* Begin PBXGroup section */
		D908A4842AFDAE42002BFDDE = {
			isa = PBXGroup;
			children = (
				D908A48F2AFDAE42002BFDDE /* Resume */,
				D908A4A02AFDAE44002BFDDE /* ResumeTests */,
				D908A4AA2AFDAE44002BFDDE /* ResumeUITests */,
				D908A48E2AFDAE42002BFDDE /* Products */,
			);
			sourceTree = "<group>";
		};
		D908A48E2AFDAE42002BFDDE /* Products */ = {
			isa = PBXGroup;
			children = (
				D908A48D2AFDAE42002BFDDE /* Resume.app */,
				D908A49D2AFDAE44002BFDDE /* ResumeTests.xctest */,
				D908A4A72AFDAE44002BFDDE /* ResumeUITests.xctest */,
			);
			name = Products;
			sourceTree = "<group>";
		};
		D908A48F2AFDAE42002BFDDE /* Resume */ = {
			isa = PBXGroup;
			children = (
				D908A4902AFDAE42002BFDDE /* ResumeApp.swift */,
				D908A4922AFDAE42002BFDDE /* ContentView.swift */,
				D908A4942AFDAE44002BFDDE /* Assets.xcassets */,
				D908A4962AFDAE44002BFDDE /* Preview Content */,
			);
			path = Resume;
			sourceTree = "<group>";
		};
		D908A4962AFDAE44002BFDDE /* Preview Content */ = {
			isa = PBXGroup;
			children = (
				D908A4972AFDAE44002BFDDE /* Preview Assets.xcassets */,
			);
			path = "Preview Content";
			sourceTree = "<group>";
		};
		D908A4A02AFDAE44002BFDDE /* ResumeTests */ = {
			isa = PBXGroup;
			children = (
				D908A4A12AFDAE44002BFDDE /* ResumeTests.swift */,
			);
			path = ResumeTests;
			sourceTree = "<group>";
		};
		D908A4AA2AFDAE44002BFDDE /* ResumeUITests */ = {
			isa = PBXGroup;
			children = (
				D908A4AB2AFDAE44002BFDDE /* ResumeUITests.swift */,
				D908A4AD2AFDAE44002BFDDE /* ResumeUITestsLaunchTests.swift */,
			);
			path = ResumeUITests;
			sourceTree = "<group>";
		};
/* End PBXGroup section */

/* Begin PBXNativeTarget section */
		D908A48C2AFDAE42002BFDDE /* Resume */ = {
			isa = PBXNativeTarget;
			buildConfigurationList = D908A4B12AFDAE44002BFDDE /* Build configuration list for PBXNativeTarget "Resume" */;
			buildPhases = (
				D908A4892AFDAE42002BFDDE /* Sources */,
				D908A48A2AFDAE42002BFDDE /* Frameworks */,
				D908A48B2AFDAE42002BFDDE /* Resources */,
			);
			buildRules = (
			);
			dependencies = (
			);
			name = Resume;
			productName = Resume;
			productReference = D908A48D2AFDAE42002BFDDE /* Resume.app */;
			productType = "com.apple.product-type.application";
		};
		D908A49C2AFDAE44002BFDDE /* ResumeTests */ = {
			isa = PBXNativeTarget;
			buildConfigurationList = D908A4B42AFDAE44002BFDDE /* Build configuration list for PBXNativeTarget "ResumeTests" */;
			buildPhases = (
				D908A4992AFDAE44002BFDDE /* Sources */,
				D908A49A2AFDAE44002BFDDE /* Frameworks */,
				D908A49B2AFDAE44002BFDDE /* Resources */,
			);
			buildRules = (
			);
			dependencies = (
				D908A49F2AFDAE44002BFDDE /* PBXTargetDependency */,
			);
			name = ResumeTests;
			productName = ResumeTests;
			productReference = D908A49D2AFDAE44002BFDDE /* ResumeTests.xctest */;
			productType = "com.apple.product-type.bundle.unit-test";
		};
		D908A4A62AFDAE44002BFDDE /* ResumeUITests */ = {
			isa = PBXNativeTarget;
			buildConfigurationList = D908A4B72AFDAE44002BFDDE /* Build configuration list for PBXNativeTarget "ResumeUITests" */;
			buildPhases = (
				D908A4A32AFDAE44002BFDDE /* Sources */,
				D908A4A42AFDAE44002BFDDE /* Frameworks */,
				D908A4A52AFDAE44002BFDDE /* Resources */,
			);
			buildRules = (
			);
			dependencies = (
				D908A4A92AFDAE44002BFDDE /* PBXTargetDependency */,
			);
			name = ResumeUITests;
			productName = ResumeUITests;
			productReference = D908A4A72AFDAE44002BFDDE /* ResumeUITests.xctest */;
			productType = "com.apple.product-type.bundle.ui-testing";
		};
/* End PBXNativeTarget section */

/* Begin PBXProject section */
		D908A4852AFDAE42002BFDDE /* Project object */ = {
			isa = PBXProject;
			attributes = {
				BuildIndependentTargetsInParallel = 1;
				LastSwiftUpdateCheck = 1500;
				LastUpgradeCheck = 1500;
				TargetAttributes = {
					D908A48C2AFDAE42002BFDDE = {
						CreatedOnToolsVersion = 15.0.1;
					};
					D908A49C2AFDAE44002BFDDE = {
						CreatedOnToolsVersion = 15.0.1;
						TestTargetID = D908A48C2AFDAE42002BFDDE;
					};
					D908A4A62AFDAE44002BFDDE = {
						CreatedOnToolsVersion = 15.0.1;
						TestTargetID = D908A48C2AFDAE42002BFDDE;
					};
				};
			};
			buildConfigurationList = D908A4882AFDAE42002BFDDE /* Build configuration list for PBXProject "Resume" */;
			compatibilityVersion = "Xcode 14.0";
			developmentRegion = en;
			hasScannedForEncodings = 0;
			knownRegions = (
				en,
				Base,
			);
			mainGroup = D908A4842AFDAE42002BFDDE;
			productRefGroup = D908A48E2AFDAE42002BFDDE /* Products */;
			projectDirPath = "";
			projectRoot = "";
			targets = (
				D908A48C2AFDAE42002BFDDE /* Resume */,
				D908A49C2AFDAE44002BFDDE /* ResumeTests */,
				D908A4A62AFDAE44002BFDDE /* ResumeUITests */,
			);
		};
/* End PBXProject section */

/* Begin PBXResourcesBuildPhase section */
		D908A48B2AFDAE42002BFDDE /* Resources */ = {
			isa = PBXResourcesBuildPhase;
			buildActionMask = 2147483647;
			files = (
				D908A4982AFDAE44002BFDDE /* Preview Assets.xcassets in Resources */,
				D908A4952AFDAE44002BFDDE /* Assets.xcassets in Resources */,
			);
			runOnlyForDeploymentPostprocessing = 0;
		};
		D908A49B2AFDAE44002BFDDE /* Resources */ = {
			isa = PBXResourcesBuildPhase;
			buildActionMask = 2147483647;
			files = (
			);
			runOnlyForDeploymentPostprocessing = 0;
		};
		D908A4A52AFDAE44002BFDDE /* Resources */ = {
			isa = PBXResourcesBuildPhase;
			buildActionMask = 2147483647;
			files = (
			);
			runOnlyForDeploymentPostprocessing = 0;
		};
/* End PBXResourcesBuildPhase section */

/* Begin PBXSourcesBuildPhase section */
		D908A4892AFDAE42002BFDDE /* Sources */ = {
			isa = PBXSourcesBuildPhase;
			buildActionMask = 2147483647;
			files = (
				D908A4932AFDAE42002BFDDE /* ContentView.swift in Sources */,
				D908A4912AFDAE42002BFDDE /* ResumeApp.swift in Sources */,
			);
			runOnlyForDeploymentPostprocessing = 0;
		};
		D908A4992AFDAE44002BFDDE /* Sources */ = {
			isa = PBXSourcesBuildPhase;
			buildActionMask = 2147483647;
			files = (
				D908A4A22AFDAE44002BFDDE /* ResumeTests.swift in Sources */,
			);
			runOnlyForDeploymentPostprocessing = 0;
		};
		D908A4A32AFDAE44002BFDDE /* Sources */ = {
			isa = PBXSourcesBuildPhase;
			buildActionMask = 2147483647;
			files = (
				D908A4AC2AFDAE44002BFDDE /* ResumeUITests.swift in Sources */,
				D908A4AE2AFDAE44002BFDDE /* ResumeUITestsLaunchTests.swift in Sources */,
			);
			runOnlyForDeploymentPostprocessing = 0;
		};
/* End PBXSourcesBuildPhase section */

/* Begin PBXTargetDependency section */
		D908A49F2AFDAE44002BFDDE /* PBXTargetDependency */ = {
			isa = PBXTargetDependency;
			target = D908A48C2AFDAE42002BFDDE /* Resume */;
			targetProxy = D908A49E2AFDAE44002BFDDE /* PBXContainerItemProxy */;
		};
		D908A4A92AFDAE44002BFDDE /* PBXTargetDependency */ = {
			isa = PBXTargetDependency;
			target = D908A48C2AFDAE42002BFDDE /* Resume */;
			targetProxy = D908A4A82AFDAE44002BFDDE /* PBXContainerItemProxy */;
		};
/* End PBXTargetDependency section */

/* Begin XCBuildConfiguration section */
		D908A4AF2AFDAE44002BFDDE /* Debug */ = {
			isa = XCBuildConfiguration;
			buildSettings = {
				ALWAYS_SEARCH_USER_PATHS = NO;
				ASSETCATALOG_COMPILER_GENERATE_SWIFT_ASSET_SYMBOL_EXTENSIONS = YES;
				CLANG_ANALYZER_NONNULL = YES;
				CLANG_ANALYZER_NUMBER_OBJECT_CONVERSION = YES_AGGRESSIVE;
				CLANG_CXX_LANGUAGE_STANDARD = "gnu++20";
				CLANG_ENABLE_MODULES = YES;
				CLANG_ENABLE_OBJC_ARC = YES;
				CLANG_ENABLE_OBJC_WEAK = YES;
				CLANG_WARN_BLOCK_CAPTURE_AUTORELEASING = YES;
				CLANG_WARN_BOOL_CONVERSION = YES;
				CLANG_WARN_COMMA = YES;
				CLANG_WARN_CONSTANT_CONVERSION = YES;
				CLANG_WARN_DEPRECATED_OBJC_IMPLEMENTATIONS = YES;
				CLANG_WARN_DIRECT_OBJC_ISA_USAGE = YES_ERROR;
				CLANG_WARN_DOCUMENTATION_COMMENTS = YES;
				CLANG_WARN_EMPTY_BODY = YES;
				CLANG_WARN_ENUM_CONVERSION = YES;
				CLANG_WARN_INFINITE_RECURSION = YES;
				CLANG_WARN_INT_CONVERSION = YES;
				CLANG_WARN_NON_LITERAL_NULL_CONVERSION = YES;
				CLANG_WARN_OBJC_IMPLICIT_RETAIN_SELF = YES;
				CLANG_WARN_OBJC_LITERAL_CONVERSION = YES;
				CLANG_WARN_OBJC_ROOT_CLASS = YES_ERROR;
				CLANG_WARN_QUOTED_INCLUDE_IN_FRAMEWORK_HEADER = YES;
				CLANG_WARN_RANGE_LOOP_ANALYSIS = YES;
				CLANG_WARN_STRICT_PROTOTYPES = YES;
				CLANG_WARN_SUSPICIOUS_MOVE = YES;
				CLANG_WARN_UNGUARDED_AVAILABILITY = YES_AGGRESSIVE;
				CLANG_WARN_UNREACHABLE_CODE = YES;
				CLANG_WARN__DUPLICATE_METHOD_MATCH = YES;
				COPY_PHASE_STRIP = NO;
				DEBUG_INFORMATION_FORMAT = dwarf;
				ENABLE_STRICT_OBJC_MSGSEND = YES;
				ENABLE_TESTABILITY = YES;
				ENABLE_USER_SCRIPT_SANDBOXING = YES;
				GCC_C_LANGUAGE_STANDARD = gnu17;
				GCC_DYNAMIC_NO_PIC = NO;
				GCC_NO_COMMON_BLOCKS = YES;
				GCC_OPTIMIZATION_LEVEL = 0;
				GCC_PREPROCESSOR_DEFINITIONS = (
					"DEBUG=1",
					"$(inherited)",
				);
				GCC_WARN_64_TO_32_BIT_CONVERSION = YES;
				GCC_WARN_ABOUT_RETURN_TYPE = YES_ERROR;
				GCC_WARN_UNDECLARED_SELECTOR = YES;
				GCC_WARN_UNINITIALIZED_AUTOS = YES_AGGRESSIVE;
				GCC_WARN_UNUSED_FUNCTION = YES;
				GCC_WARN_UNUSED_VARIABLE = YES;
				IPHONEOS_DEPLOYMENT_TARGET = 17.0;
				LOCALIZATION_PREFERS_STRING_CATALOGS = YES;
				MTL_ENABLE_DEBUG_INFO = INCLUDE_SOURCE;
				MTL_FAST_MATH = YES;
				ONLY_ACTIVE_ARCH = YES;
				SDKROOT = iphoneos;
				SWIFT_ACTIVE_COMPILATION_CONDITIONS = "DEBUG $(inherited)";
				SWIFT_OPTIMIZATION_LEVEL = "-Onone";
			};
			name = Debug;
		};
		D908A4B02AFDAE44002BFDDE /* Release */ = {
			isa = XCBuildConfiguration;
			buildSettings = {
				ALWAYS_SEARCH_USER_PATHS = NO;
				ASSETCATALOG_COMPILER_GENERATE_SWIFT_ASSET_SYMBOL_EXTENSIONS = YES;
				CLANG_ANALYZER_NONNULL = YES;
				CLANG_ANALYZER_NUMBER_OBJECT_CONVERSION = YES_AGGRESSIVE;
				CLANG_CXX_LANGUAGE_STANDARD = "gnu++20";
				CLANG_ENABLE_MODULES = YES;
				CLANG_ENABLE_OBJC_ARC = YES;
				CLANG_ENABLE_OBJC_WEAK = YES;
				CLANG_WARN_BLOCK_CAPTURE_AUTORELEASING = YES;
				CLANG_WARN_BOOL_CONVERSION = YES;
				CLANG_WARN_COMMA = YES;
				CLANG_WARN_CONSTANT_CONVERSION = YES;
				CLANG_WARN_DEPRECATED_OBJC_IMPLEMENTATIONS = YES;
				CLANG_WARN_DIRECT_OBJC_ISA_USAGE = YES_ERROR;
				CLANG_WARN_DOCUMENTATION_COMMENTS = YES;
				CLANG_WARN_EMPTY_BODY = YES;
				CLANG_WARN_ENUM_CONVERSION = YES;
				CLANG_WARN_INFINITE_RECURSION = YES;
				CLANG_WARN_INT_CONVERSION = YES;
				CLANG_WARN_NON_LITERAL_NULL_CONVERSION = YES;
				CLANG_WARN_OBJC_IMPLICIT_RETAIN_SELF = YES;
				CLANG_WARN_OBJC_LITERAL_CONVERSION = YES;
				CLANG_WARN_OBJC_ROOT_CLASS = YES_ERROR;
				CLANG_WARN_QUOTED_INCLUDE_IN_FRAMEWORK_HEADER = YES;
				CLANG_WARN_RANGE_LOOP_ANALYSIS = YES;
				CLANG_WARN_STRICT_PROTOTYPES = YES;
				CLANG_WARN_SUSPICIOUS_MOVE = YES;
				CLANG_WARN_UNGUARDED_AVAILABILITY = YES_AGGRESSIVE;
				CLANG_WARN_UNREACHABLE_CODE = YES;
				CLANG_WARN__DUPLICATE_METHOD_MATCH = YES;
				COPY_PHASE_STRIP = NO;
				DEBUG_INFORMATION_FORMAT = "dwarf-with-dsym";
				ENABLE_NS_ASSERTIONS = NO;
				ENABLE_STRICT_OBJC_MSGSEND = YES;
				ENABLE_USER_SCRIPT_SANDBOXING = YES;
				GCC_C_LANGUAGE_STANDARD = gnu17;
				GCC_NO_COMMON_BLOCKS = YES;
				GCC_WARN_64_TO_32_BIT_CONVERSION = YES;
				GCC_WARN_ABOUT_RETURN_TYPE = YES_ERROR;
				GCC_WARN_UNDECLARED_SELECTOR = YES;
				GCC_WARN_UNINITIALIZED_AUTOS = YES_AGGRESSIVE;
				GCC_WARN_UNUSED_FUNCTION = YES;
				GCC_WARN_UNUSED_VARIABLE = YES;
				IPHONEOS_DEPLOYMENT_TARGET = 17.0;
				LOCALIZATION_PREFERS_STRING_CATALOGS = YES;
				MTL_ENABLE_DEBUG_INFO = NO;
				MTL_FAST_MATH = YES;
				SDKROOT = iphoneos;
				SWIFT_COMPILATION_MODE = wholemodule;
				VALIDATE_PRODUCT = YES;
			};
			name = Release;
		};
		D908A4B22AFDAE44002BFDDE /* Debug */ = {
			isa = XCBuildConfiguration;
			buildSettings = {
				ASSETCATALOG_COMPILER_APPICON_NAME = AppIcon;
				ASSETCATALOG_COMPILER_GLOBAL_ACCENT_COLOR_NAME = AccentColor;
				CODE_SIGN_STYLE = Automatic;
				CURRENT_PROJECT_VERSION = 1;
				DEVELOPMENT_ASSET_PATHS = "\"Resume/Preview Content\"";
				DEVELOPMENT_TEAM = D7U4Y6246W;
				ENABLE_PREVIEWS = YES;
				GENERATE_INFOPLIST_FILE = YES;
				INFOPLIST_KEY_UIApplicationSceneManifest_Generation = YES;
				INFOPLIST_KEY_UIApplicationSupportsIndirectInputEvents = YES;
				INFOPLIST_KEY_UILaunchScreen_Generation = YES;
				INFOPLIST_KEY_UISupportedInterfaceOrientations_iPad = "UIInterfaceOrientationPortrait UIInterfaceOrientationPortraitUpsideDown UIInterfaceOrientationLandscapeLeft UIInterfaceOrientationLandscapeRight";
				INFOPLIST_KEY_UISupportedInterfaceOrientations_iPhone = "UIInterfaceOrientationPortrait UIInterfaceOrientationLandscapeLeft UIInterfaceOrientationLandscapeRight";
				LD_RUNPATH_SEARCH_PATHS = (
					"$(inherited)",
					"@executable_path/Frameworks",
				);
				MARKETING_VERSION = 1.0;
				PRODUCT_BUNDLE_IDENTIFIER = com.home.Resume;
				PRODUCT_NAME = "$(TARGET_NAME)";
				SWIFT_EMIT_LOC_STRINGS = YES;
				SWIFT_VERSION = 5.0;
				TARGETED_DEVICE_FAMILY = "1,2";
			};
			name = Debug;
		};
		D908A4B32AFDAE44002BFDDE /* Release */ = {
			isa = XCBuildConfiguration;
			buildSettings = {
				ASSETCATALOG_COMPILER_APPICON_NAME = AppIcon;
				ASSETCATALOG_COMPILER_GLOBAL_ACCENT_COLOR_NAME = AccentColor;
				CODE_SIGN_STYLE = Automatic;
				CURRENT_PROJECT_VERSION = 1;
				DEVELOPMENT_ASSET_PATHS = "\"Resume/Preview Content\"";
				DEVELOPMENT_TEAM = D7U4Y6246W;
				ENABLE_PREVIEWS = YES;
				GENERATE_INFOPLIST_FILE = YES;
				INFOPLIST_KEY_UIApplicationSceneManifest_Generation = YES;
				INFOPLIST_KEY_UIApplicationSupportsIndirectInputEvents = YES;
				INFOPLIST_KEY_UILaunchScreen_Generation = YES;
				INFOPLIST_KEY_UISupportedInterfaceOrientations_iPad = "UIInterfaceOrientationPortrait UIInterfaceOrientationPortraitUpsideDown UIInterfaceOrientationLandscapeLeft UIInterfaceOrientationLandscapeRight";
				INFOPLIST_KEY_UISupportedInterfaceOrientations_iPhone = "UIInterfaceOrientationPortrait UIInterfaceOrientationLandscapeLeft UIInterfaceOrientationLandscapeRight";
				LD_RUNPATH_SEARCH_PATHS = (
					"$(inherited)",
					"@executable_path/Frameworks",
				);
				MARKETING_VERSION = 1.0;
				PRODUCT_BUNDLE_IDENTIFIER = com.home.Resume;
				PRODUCT_NAME = "$(TARGET_NAME)";
				SWIFT_EMIT_LOC_STRINGS = YES;
				SWIFT_VERSION = 5.0;
				TARGETED_DEVICE_FAMILY = "1,2";
			};
			name = Release;
		};
		D908A4B52AFDAE44002BFDDE /* Debug */ = {
			isa = XCBuildConfiguration;
			buildSettings = {
				ALWAYS_EMBED_SWIFT_STANDARD_LIBRARIES = YES;
				BUNDLE_LOADER = "$(TEST_HOST)";
				CODE_SIGN_STYLE = Automatic;
				CURRENT_PROJECT_VERSION = 1;
				DEVELOPMENT_TEAM = D7U4Y6246W;
				GENERATE_INFOPLIST_FILE = YES;
				IPHONEOS_DEPLOYMENT_TARGET = 17.0;
				MARKETING_VERSION = 1.0;
				PRODUCT_BUNDLE_IDENTIFIER = com.home.ResumeTests;
				PRODUCT_NAME = "$(TARGET_NAME)";
				SWIFT_EMIT_LOC_STRINGS = NO;
				SWIFT_VERSION = 5.0;
				TARGETED_DEVICE_FAMILY = "1,2";
				TEST_HOST = "$(BUILT_PRODUCTS_DIR)/Resume.app/$(BUNDLE_EXECUTABLE_FOLDER_PATH)/Resume";
			};
			name = Debug;
		};
		D908A4B62AFDAE44002BFDDE /* Release */ = {
			isa = XCBuildConfiguration;
			buildSettings = {
				ALWAYS_EMBED_SWIFT_STANDARD_LIBRARIES = YES;
				BUNDLE_LOADER = "$(TEST_HOST)";
				CODE_SIGN_STYLE = Automatic;
				CURRENT_PROJECT_VERSION = 1;
				DEVELOPMENT_TEAM = D7U4Y6246W;
				GENERATE_INFOPLIST_FILE = YES;
				IPHONEOS_DEPLOYMENT_TARGET = 17.0;
				MARKETING_VERSION = 1.0;
				PRODUCT_BUNDLE_IDENTIFIER = com.home.ResumeTests;
				PRODUCT_NAME = "$(TARGET_NAME)";
				SWIFT_EMIT_LOC_STRINGS = NO;
				SWIFT_VERSION = 5.0;
				TARGETED_DEVICE_FAMILY = "1,2";
				TEST_HOST = "$(BUILT_PRODUCTS_DIR)/Resume.app/$(BUNDLE_EXECUTABLE_FOLDER_PATH)/Resume";
			};
			name = Release;
		};
		D908A4B82AFDAE44002BFDDE /* Debug */ = {
			isa = XCBuildConfiguration;
			buildSettings = {
				ALWAYS_EMBED_SWIFT_STANDARD_LIBRARIES = YES;
				CODE_SIGN_STYLE = Automatic;
				CURRENT_PROJECT_VERSION = 1;
				DEVELOPMENT_TEAM = D7U4Y6246W;
				GENERATE_INFOPLIST_FILE = YES;
				MARKETING_VERSION = 1.0;
				PRODUCT_BUNDLE_IDENTIFIER = com.home.ResumeUITests;
				PRODUCT_NAME = "$(TARGET_NAME)";
				SWIFT_EMIT_LOC_STRINGS = NO;
				SWIFT_VERSION = 5.0;
				TARGETED_DEVICE_FAMILY = "1,2";
				TEST_TARGET_NAME = Resume;
			};
			name = Debug;
		};
		D908A4B92AFDAE44002BFDDE /* Release */ = {
			isa = XCBuildConfiguration;
			buildSettings = {
				ALWAYS_EMBED_SWIFT_STANDARD_LIBRARIES = YES;
				CODE_SIGN_STYLE = Automatic;
				CURRENT_PROJECT_VERSION = 1;
				DEVELOPMENT_TEAM = D7U4Y6246W;
				GENERATE_INFOPLIST_FILE = YES;
				MARKETING_VERSION = 1.0;
				PRODUCT_BUNDLE_IDENTIFIER = com.home.ResumeUITests;
				PRODUCT_NAME = "$(TARGET_NAME)";
				SWIFT_EMIT_LOC_STRINGS = NO;
				SWIFT_VERSION = 5.0;
				TARGETED_DEVICE_FAMILY = "1,2";
				TEST_TARGET_NAME = Resume;
			};
			name = Release;
		};
/* End XCBuildConfiguration section */

/* Begin XCConfigurationList section */
		D908A4882AFDAE42002BFDDE /* Build configuration list for PBXProject "Resume" */ = {
			isa = XCConfigurationList;
			buildConfigurations = (
				D908A4AF2AFDAE44002BFDDE /* Debug */,
				D908A4B02AFDAE44002BFDDE /* Release */,
			);
			defaultConfigurationIsVisible = 0;
			defaultConfigurationName = Release;
		};
		D908A4B12AFDAE44002BFDDE /* Build configuration list for PBXNativeTarget "Resume" */ = {
			isa = XCConfigurationList;
			buildConfigurations = (
				D908A4B22AFDAE44002BFDDE /* Debug */,
				D908A4B32AFDAE44002BFDDE /* Release */,
			);
			defaultConfigurationIsVisible = 0;
			defaultConfigurationName = Release;
		};
		D908A4B42AFDAE44002BFDDE /* Build configuration list for PBXNativeTarget "ResumeTests" */ = {
			isa = XCConfigurationList;
			buildConfigurations = (
				D908A4B52AFDAE44002BFDDE /* Debug */,
				D908A4B62AFDAE44002BFDDE /* Release */,
			);
			defaultConfigurationIsVisible = 0;
			defaultConfigurationName = Release;
		};
		D908A4B72AFDAE44002BFDDE /* Build configuration list for PBXNativeTarget "ResumeUITests" */ = {
			isa = XCConfigurationList;
			buildConfigurations = (
				D908A4B82AFDAE44002BFDDE /* Debug */,
				D908A4B92AFDAE44002BFDDE /* Release */,
			);
			defaultConfigurationIsVisible = 0;
			defaultConfigurationName = Release;
		};
/* End XCConfigurationList section */
	};
	rootObject = D908A4852AFDAE42002BFDDE /* Project object */;
}
